
Microsoft Visual Studio Solution File, Format Version 12.00
# Visual Studio Version 16
VisualStudioVersion = 16.0.31702.278
MinimumVisualStudioVersion = 10.0.40219.1
Project("{FAE04EC0-301F-11D3-BF4B-00C04F79EFBC}") = "Second Largest Digit in a String", "Second Largest Digit in a String.csproj", "{8B1360C3-8CB0-4D89-86C1-BD9D28805D18}"
EndProject
Global
	GlobalSection(SolutionConfigurationPlatforms) = preSolution
		Debug|Any CPU = Debug|Any CPU
		Release|Any CPU = Release|Any CPU
	EndGlobalSection
	GlobalSection(ProjectConfigurationPlatforms) = postSolution
		{8B1360C3-8CB0-4D89-86C1-BD9D28805D18}.Debug|Any CPU.ActiveCfg = Debug|Any CPU
		{8B1360C3-8CB0-4D89-86C1-BD9D28805D18}.Debug|Any CPU.Build.0 = Debug|Any CPU
		{8B1360C3-8CB0-4D89-86C1-BD9D28805D18}.Release|Any CPU.ActiveCfg = Release|Any CPU
		{8B1360C3-8CB0-4D89-86C1-BD9D28805D18}.Release|Any CPU.Build.0 = Release|Any CPU
	EndGlobalSection
	GlobalSection(SolutionProperties) = preSolution
		HideSolutionNode = FALSE
	EndGlobalSection
	GlobalSection(ExtensibilityGlobals) = postSolution
		SolutionGuid = {00030C97-4AE9-471F-8683-3D846ECAF88E}
	EndGlobalSection
EndGlobal
